<Solution>
  <Folder Name="/src/">
    <Project Path="src/PixieDownloader/PixieDownloader.csproj" />
    <Project Path="src/PixieDownloader.Sdk/PixieDownloader.Sdk.csproj" />
    <Project Path="src/YtDlpCore/YtDlpCore.csproj" />
  </Folder>
  <Folder Name="/src/Plugins/">
    <Project Path="src/Plugins/Pixie.Hello/Pixie.Hello.csproj" />
    <Project Path="src/Plugins/Pixie.TrackTracer/Pixie.TrackTracer.csproj" />
  </Folder>
  <Folder Name="/tests/">
    <Project Path="tests/YtDlpCore.Tests/YtDlpCore.Tests.csproj" />
    <Project Path="tests/PluginHost.Tests/PluginHost.Tests.csproj" />
    <Project Path="tests/Pixie.TrackTracer.Tests/Pixie.TrackTracer.Tests.csproj" />
  </Folder>
</Solution>
